
Microsoft Visual Studio Solution File, Format Version 12.00
# Visual Studio Version 17
VisualStudioVersion = 17.14.36414.22 d17.14
MinimumVisualStudioVersion = 10.0.40219.1
Project("{FAE04EC0-301F-11D3-BF4B-00C04F79EFBC}") = "E-Commerce Shop Api", "E-Commerce Shop Api\E-Commerce Shop Api.csproj", "{CDA820BD-FEED-4C0A-8260-E4ED05A2BAD7}"
EndProject
Global
	GlobalSection(SolutionConfigurationPlatforms) = preSolution
		Debug|Any CPU = Debug|Any CPU
		Release|Any CPU = Release|Any CPU
	EndGlobalSection
	GlobalSection(ProjectConfigurationPlatforms) = postSolution
		{CDA820BD-FEED-4C0A-8260-E4ED05A2BAD7}.Debug|Any CPU.ActiveCfg = Debug|Any CPU
		{CDA820BD-FEED-4C0A-8260-E4ED05A2BAD7}.Debug|Any CPU.Build.0 = Debug|Any CPU
		{CDA820BD-FEED-4C0A-8260-E4ED05A2BAD7}.Release|Any CPU.ActiveCfg = Release|Any CPU
		{CDA820BD-FEED-4C0A-8260-E4ED05A2BAD7}.Release|Any CPU.Build.0 = Release|Any CPU
	EndGlobalSection
	GlobalSection(SolutionProperties) = preSolution
		HideSolutionNode = FALSE
	EndGlobalSection
	GlobalSection(ExtensibilityGlobals) = postSolution
		SolutionGuid = {36891B29-7A26-4171-B831-1C457669C1B2}
	EndGlobalSection
EndGlobal
